
Microsoft Visual Studio Solution File, Format Version 12.00
# Visual Studio Version 17
VisualStudioVersion = 17.0.31903.59
MinimumVisualStudioVersion = 10.0.40219.1
Project("{FAE04EC0-301F-11D3-BF4B-00C04F79EFBC}") = "DbFixtures", "src\DbFixtures\DbFixtures.csproj", "{38BE39F5-361B-4300-8B8C-5F4BFE4EA2FB}"
EndProject
Project("{FAE04EC0-301F-11D3-BF4B-00C04F79EFBC}") = "DbFixtures.Tests", "test\unit\DbFixtures.Tests\DbFixtures.Tests.csproj", "{BB0EFF05-1C8B-4B15-8B1B-9E9CCF2A0D00}"
EndProject
Project("{FAE04EC0-301F-11D3-BF4B-00C04F79EFBC}") = "SharedLibs", "src\SharedLibs\SharedLibs.csproj", "{8FF3F815-090F-40B1-B601-B478DA91148A}"
EndProject
Project("{FAE04EC0-301F-11D3-BF4B-00C04F79EFBC}") = "DbFixtures.Mongodb", "src\DbFixtures.Mongodb\DbFixtures.Mongodb.csproj", "{44B0FD57-737E-4C95-A27B-1AF0E5FB1640}"
EndProject
Project("{FAE04EC0-301F-11D3-BF4B-00C04F79EFBC}") = "DbFixtures.Mongodb.Tests", "test\unit\DbFixtures.Mongodb.Tests\DbFixtures.Mongodb.Tests.csproj", "{DA5A18FD-5289-49EC-BFA6-4B0F9EEF8966}"
EndProject
Project("{FAE04EC0-301F-11D3-BF4B-00C04F79EFBC}") = "DbFixtures.Mongodb.IntegrationTests", "test\integration\DbFixtures.Mongodb.IntegrationTests\DbFixtures.Mongodb.IntegrationTests.csproj", "{1BD00802-4EDC-46BA-AB44-C14EC364CF57}"
EndProject
Project("{FAE04EC0-301F-11D3-BF4B-00C04F79EFBC}") = "DbFixtures.Mongodb.E2ETests", "test\e2e\DbFixtures.Mongodb.E2ETests\DbFixtures.Mongodb.E2ETests.csproj", "{21E81439-3915-4F34-95D4-C8A0811CBA4E}"
EndProject
Project("{FAE04EC0-301F-11D3-BF4B-00C04F79EFBC}") = "DbFixtures.Kafka", "src\DbFixtures.Kafka\DbFixtures.Kafka.csproj", "{76EEEAB9-5EE9-47BF-92F2-F43F688329B5}"
EndProject
Project("{FAE04EC0-301F-11D3-BF4B-00C04F79EFBC}") = "DbFixtures.Kafka.Tests", "test\unit\DbFixtures.Kafka.Tests\DbFixtures.Kafka.Tests.csproj", "{D26D074E-09B5-497A-BE64-806517E9E444}"
EndProject
Project("{FAE04EC0-301F-11D3-BF4B-00C04F79EFBC}") = "DbFixtures.Kafka.IntegrationTests", "test\integration\DbFixtures.Kafka.IntegrationTests\DbFixtures.Kafka.IntegrationTests.csproj", "{6ABCDF85-6475-4062-AE97-AD4B3083C56A}"
EndProject
Global
	GlobalSection(SolutionProperties) = preSolution
		HideSolutionNode = FALSE
	EndGlobalSection
	GlobalSection(SolutionConfigurationPlatforms) = preSolution
		Debug|Any CPU = Debug|Any CPU
		Debug|x64 = Debug|x64
		Debug|x86 = Debug|x86
		Release|Any CPU = Release|Any CPU
		Release|x64 = Release|x64
		Release|x86 = Release|x86
	EndGlobalSection
	GlobalSection(ProjectConfigurationPlatforms) = postSolution
		{38BE39F5-361B-4300-8B8C-5F4BFE4EA2FB}.Debug|Any CPU.ActiveCfg = Debug|Any CPU
		{38BE39F5-361B-4300-8B8C-5F4BFE4EA2FB}.Debug|Any CPU.Build.0 = Debug|Any CPU
		{38BE39F5-361B-4300-8B8C-5F4BFE4EA2FB}.Debug|x64.ActiveCfg = Debug|Any CPU
		{38BE39F5-361B-4300-8B8C-5F4BFE4EA2FB}.Debug|x64.Build.0 = Debug|Any CPU
		{38BE39F5-361B-4300-8B8C-5F4BFE4EA2FB}.Debug|x86.ActiveCfg = Debug|Any CPU
		{38BE39F5-361B-4300-8B8C-5F4BFE4EA2FB}.Debug|x86.Build.0 = Debug|Any CPU
		{38BE39F5-361B-4300-8B8C-5F4BFE4EA2FB}.Release|Any CPU.ActiveCfg = Release|Any CPU
		{38BE39F5-361B-4300-8B8C-5F4BFE4EA2FB}.Release|Any CPU.Build.0 = Release|Any CPU
		{38BE39F5-361B-4300-8B8C-5F4BFE4EA2FB}.Release|x64.ActiveCfg = Release|Any CPU
		{38BE39F5-361B-4300-8B8C-5F4BFE4EA2FB}.Release|x64.Build.0 = Release|Any CPU
		{38BE39F5-361B-4300-8B8C-5F4BFE4EA2FB}.Release|x86.ActiveCfg = Release|Any CPU
		{38BE39F5-361B-4300-8B8C-5F4BFE4EA2FB}.Release|x86.Build.0 = Release|Any CPU
		{BB0EFF05-1C8B-4B15-8B1B-9E9CCF2A0D00}.Debug|Any CPU.ActiveCfg = Debug|Any CPU
		{BB0EFF05-1C8B-4B15-8B1B-9E9CCF2A0D00}.Debug|Any CPU.Build.0 = Debug|Any CPU
		{BB0EFF05-1C8B-4B15-8B1B-9E9CCF2A0D00}.Debug|x64.ActiveCfg = Debug|Any CPU
		{BB0EFF05-1C8B-4B15-8B1B-9E9CCF2A0D00}.Debug|x64.Build.0 = Debug|Any CPU
		{BB0EFF05-1C8B-4B15-8B1B-9E9CCF2A0D00}.Debug|x86.ActiveCfg = Debug|Any CPU
		{BB0EFF05-1C8B-4B15-8B1B-9E9CCF2A0D00}.Debug|x86.Build.0 = Debug|Any CPU
		{BB0EFF05-1C8B-4B15-8B1B-9E9CCF2A0D00}.Release|Any CPU.ActiveCfg = Release|Any CPU
		{BB0EFF05-1C8B-4B15-8B1B-9E9CCF2A0D00}.Release|Any CPU.Build.0 = Release|Any CPU
		{BB0EFF05-1C8B-4B15-8B1B-9E9CCF2A0D00}.Release|x64.ActiveCfg = Release|Any CPU
		{BB0EFF05-1C8B-4B15-8B1B-9E9CCF2A0D00}.Release|x64.Build.0 = Release|Any CPU
		{BB0EFF05-1C8B-4B15-8B1B-9E9CCF2A0D00}.Release|x86.ActiveCfg = Release|Any CPU
		{BB0EFF05-1C8B-4B15-8B1B-9E9CCF2A0D00}.Release|x86.Build.0 = Release|Any CPU
		{8FF3F815-090F-40B1-B601-B478DA91148A}.Debug|Any CPU.ActiveCfg = Debug|Any CPU
		{8FF3F815-090F-40B1-B601-B478DA91148A}.Debug|Any CPU.Build.0 = Debug|Any CPU
		{8FF3F815-090F-40B1-B601-B478DA91148A}.Debug|x64.ActiveCfg = Debug|Any CPU
		{8FF3F815-090F-40B1-B601-B478DA91148A}.Debug|x64.Build.0 = Debug|Any CPU
		{8FF3F815-090F-40B1-B601-B478DA91148A}.Debug|x86.ActiveCfg = Debug|Any CPU
		{8FF3F815-090F-40B1-B601-B478DA91148A}.Debug|x86.Build.0 = Debug|Any CPU
		{8FF3F815-090F-40B1-B601-B478DA91148A}.Release|Any CPU.ActiveCfg = Release|Any CPU
		{8FF3F815-090F-40B1-B601-B478DA91148A}.Release|Any CPU.Build.0 = Release|Any CPU
		{8FF3F815-090F-40B1-B601-B478DA91148A}.Release|x64.ActiveCfg = Release|Any CPU
		{8FF3F815-090F-40B1-B601-B478DA91148A}.Release|x64.Build.0 = Release|Any CPU
		{8FF3F815-090F-40B1-B601-B478DA91148A}.Release|x86.ActiveCfg = Release|Any CPU
		{8FF3F815-090F-40B1-B601-B478DA91148A}.Release|x86.Build.0 = Release|Any CPU
		{44B0FD57-737E-4C95-A27B-1AF0E5FB1640}.Debug|Any CPU.ActiveCfg = Debug|Any CPU
		{44B0FD57-737E-4C95-A27B-1AF0E5FB1640}.Debug|Any CPU.Build.0 = Debug|Any CPU
		{44B0FD57-737E-4C95-A27B-1AF0E5FB1640}.Debug|x64.ActiveCfg = Debug|Any CPU
		{44B0FD57-737E-4C95-A27B-1AF0E5FB1640}.Debug|x64.Build.0 = Debug|Any CPU
		{44B0FD57-737E-4C95-A27B-1AF0E5FB1640}.Debug|x86.ActiveCfg = Debug|Any CPU
		{44B0FD57-737E-4C95-A27B-1AF0E5FB1640}.Debug|x86.Build.0 = Debug|Any CPU
		{44B0FD57-737E-4C95-A27B-1AF0E5FB1640}.Release|Any CPU.ActiveCfg = Release|Any CPU
		{44B0FD57-737E-4C95-A27B-1AF0E5FB1640}.Release|Any CPU.Build.0 = Release|Any CPU
		{44B0FD57-737E-4C95-A27B-1AF0E5FB1640}.Release|x64.ActiveCfg = Release|Any CPU
		{44B0FD57-737E-4C95-A27B-1AF0E5FB1640}.Release|x64.Build.0 = Release|Any CPU
		{44B0FD57-737E-4C95-A27B-1AF0E5FB1640}.Release|x86.ActiveCfg = Release|Any CPU
		{44B0FD57-737E-4C95-A27B-1AF0E5FB1640}.Release|x86.Build.0 = Release|Any CPU
		{DA5A18FD-5289-49EC-BFA6-4B0F9EEF8966}.Debug|Any CPU.ActiveCfg = Debug|Any CPU
		{DA5A18FD-5289-49EC-BFA6-4B0F9EEF8966}.Debug|Any CPU.Build.0 = Debug|Any CPU
		{DA5A18FD-5289-49EC-BFA6-4B0F9EEF8966}.Debug|x64.ActiveCfg = Debug|Any CPU
		{DA5A18FD-5289-49EC-BFA6-4B0F9EEF8966}.Debug|x64.Build.0 = Debug|Any CPU
		{DA5A18FD-5289-49EC-BFA6-4B0F9EEF8966}.Debug|x86.ActiveCfg = Debug|Any CPU
		{DA5A18FD-5289-49EC-BFA6-4B0F9EEF8966}.Debug|x86.Build.0 = Debug|Any CPU
		{DA5A18FD-5289-49EC-BFA6-4B0F9EEF8966}.Release|Any CPU.ActiveCfg = Release|Any CPU
		{DA5A18FD-5289-49EC-BFA6-4B0F9EEF8966}.Release|Any CPU.Build.0 = Release|Any CPU
		{DA5A18FD-5289-49EC-BFA6-4B0F9EEF8966}.Release|x64.ActiveCfg = Release|Any CPU
		{DA5A18FD-5289-49EC-BFA6-4B0F9EEF8966}.Release|x64.Build.0 = Release|Any CPU
		{DA5A18FD-5289-49EC-BFA6-4B0F9EEF8966}.Release|x86.ActiveCfg = Release|Any CPU
		{DA5A18FD-5289-49EC-BFA6-4B0F9EEF8966}.Release|x86.Build.0 = Release|Any CPU
		{1BD00802-4EDC-46BA-AB44-C14EC364CF57}.Debug|Any CPU.ActiveCfg = Debug|Any CPU
		{1BD00802-4EDC-46BA-AB44-C14EC364CF57}.Debug|Any CPU.Build.0 = Debug|Any CPU
		{1BD00802-4EDC-46BA-AB44-C14EC364CF57}.Debug|x64.ActiveCfg = Debug|Any CPU
		{1BD00802-4EDC-46BA-AB44-C14EC364CF57}.Debug|x64.Build.0 = Debug|Any CPU
		{1BD00802-4EDC-46BA-AB44-C14EC364CF57}.Debug|x86.ActiveCfg = Debug|Any CPU
		{1BD00802-4EDC-46BA-AB44-C14EC364CF57}.Debug|x86.Build.0 = Debug|Any CPU
		{1BD00802-4EDC-46BA-AB44-C14EC364CF57}.Release|Any CPU.ActiveCfg = Release|Any CPU
		{1BD00802-4EDC-46BA-AB44-C14EC364CF57}.Release|Any CPU.Build.0 = Release|Any CPU
		{1BD00802-4EDC-46BA-AB44-C14EC364CF57}.Release|x64.ActiveCfg = Release|Any CPU
		{1BD00802-4EDC-46BA-AB44-C14EC364CF57}.Release|x64.Build.0 = Release|Any CPU
		{1BD00802-4EDC-46BA-AB44-C14EC364CF57}.Release|x86.ActiveCfg = Release|Any CPU
		{1BD00802-4EDC-46BA-AB44-C14EC364CF57}.Release|x86.Build.0 = Release|Any CPU
		{21E81439-3915-4F34-95D4-C8A0811CBA4E}.Debug|Any CPU.ActiveCfg = Debug|Any CPU
		{21E81439-3915-4F34-95D4-C8A0811CBA4E}.Debug|Any CPU.Build.0 = Debug|Any CPU
		{21E81439-3915-4F34-95D4-C8A0811CBA4E}.Debug|x64.ActiveCfg = Debug|Any CPU
		{21E81439-3915-4F34-95D4-C8A0811CBA4E}.Debug|x64.Build.0 = Debug|Any CPU
		{21E81439-3915-4F34-95D4-C8A0811CBA4E}.Debug|x86.ActiveCfg = Debug|Any CPU
		{21E81439-3915-4F34-95D4-C8A0811CBA4E}.Debug|x86.Build.0 = Debug|Any CPU
		{21E81439-3915-4F34-95D4-C8A0811CBA4E}.Release|Any CPU.ActiveCfg = Release|Any CPU
		{21E81439-3915-4F34-95D4-C8A0811CBA4E}.Release|Any CPU.Build.0 = Release|Any CPU
		{21E81439-3915-4F34-95D4-C8A0811CBA4E}.Release|x64.ActiveCfg = Release|Any CPU
		{21E81439-3915-4F34-95D4-C8A0811CBA4E}.Release|x64.Build.0 = Release|Any CPU
		{21E81439-3915-4F34-95D4-C8A0811CBA4E}.Release|x86.ActiveCfg = Release|Any CPU
		{21E81439-3915-4F34-95D4-C8A0811CBA4E}.Release|x86.Build.0 = Release|Any CPU
		{76EEEAB9-5EE9-47BF-92F2-F43F688329B5}.Debug|Any CPU.ActiveCfg = Debug|Any CPU
		{76EEEAB9-5EE9-47BF-92F2-F43F688329B5}.Debug|Any CPU.Build.0 = Debug|Any CPU
		{76EEEAB9-5EE9-47BF-92F2-F43F688329B5}.Debug|x64.ActiveCfg = Debug|Any CPU
		{76EEEAB9-5EE9-47BF-92F2-F43F688329B5}.Debug|x64.Build.0 = Debug|Any CPU
		{76EEEAB9-5EE9-47BF-92F2-F43F688329B5}.Debug|x86.ActiveCfg = Debug|Any CPU
		{76EEEAB9-5EE9-47BF-92F2-F43F688329B5}.Debug|x86.Build.0 = Debug|Any CPU
		{76EEEAB9-5EE9-47BF-92F2-F43F688329B5}.Release|Any CPU.ActiveCfg = Release|Any CPU
		{76EEEAB9-5EE9-47BF-92F2-F43F688329B5}.Release|Any CPU.Build.0 = Release|Any CPU
		{76EEEAB9-5EE9-47BF-92F2-F43F688329B5}.Release|x64.ActiveCfg = Release|Any CPU
		{76EEEAB9-5EE9-47BF-92F2-F43F688329B5}.Release|x64.Build.0 = Release|Any CPU
		{76EEEAB9-5EE9-47BF-92F2-F43F688329B5}.Release|x86.ActiveCfg = Release|Any CPU
		{76EEEAB9-5EE9-47BF-92F2-F43F688329B5}.Release|x86.Build.0 = Release|Any CPU
		{D26D074E-09B5-497A-BE64-806517E9E444}.Debug|Any CPU.ActiveCfg = Debug|Any CPU
		{D26D074E-09B5-497A-BE64-806517E9E444}.Debug|Any CPU.Build.0 = Debug|Any CPU
		{D26D074E-09B5-497A-BE64-806517E9E444}.Debug|x64.ActiveCfg = Debug|Any CPU
		{D26D074E-09B5-497A-BE64-806517E9E444}.Debug|x64.Build.0 = Debug|Any CPU
		{D26D074E-09B5-497A-BE64-806517E9E444}.Debug|x86.ActiveCfg = Debug|Any CPU
		{D26D074E-09B5-497A-BE64-806517E9E444}.Debug|x86.Build.0 = Debug|Any CPU
		{D26D074E-09B5-497A-BE64-806517E9E444}.Release|Any CPU.ActiveCfg = Release|Any CPU
		{D26D074E-09B5-497A-BE64-806517E9E444}.Release|Any CPU.Build.0 = Release|Any CPU
		{D26D074E-09B5-497A-BE64-806517E9E444}.Release|x64.ActiveCfg = Release|Any CPU
		{D26D074E-09B5-497A-BE64-806517E9E444}.Release|x64.Build.0 = Release|Any CPU
		{D26D074E-09B5-497A-BE64-806517E9E444}.Release|x86.ActiveCfg = Release|Any CPU
		{D26D074E-09B5-497A-BE64-806517E9E444}.Release|x86.Build.0 = Release|Any CPU
		{6ABCDF85-6475-4062-AE97-AD4B3083C56A}.Debug|Any CPU.ActiveCfg = Debug|Any CPU
		{6ABCDF85-6475-4062-AE97-AD4B3083C56A}.Debug|Any CPU.Build.0 = Debug|Any CPU
		{6ABCDF85-6475-4062-AE97-AD4B3083C56A}.Debug|x64.ActiveCfg = Debug|Any CPU
		{6ABCDF85-6475-4062-AE97-AD4B3083C56A}.Debug|x64.Build.0 = Debug|Any CPU
		{6ABCDF85-6475-4062-AE97-AD4B3083C56A}.Debug|x86.ActiveCfg = Debug|Any CPU
		{6ABCDF85-6475-4062-AE97-AD4B3083C56A}.Debug|x86.Build.0 = Debug|Any CPU
		{6ABCDF85-6475-4062-AE97-AD4B3083C56A}.Release|Any CPU.ActiveCfg = Release|Any CPU
		{6ABCDF85-6475-4062-AE97-AD4B3083C56A}.Release|Any CPU.Build.0 = Release|Any CPU
		{6ABCDF85-6475-4062-AE97-AD4B3083C56A}.Release|x64.ActiveCfg = Release|Any CPU
		{6ABCDF85-6475-4062-AE97-AD4B3083C56A}.Release|x64.Build.0 = Release|Any CPU
		{6ABCDF85-6475-4062-AE97-AD4B3083C56A}.Release|x86.ActiveCfg = Release|Any CPU
		{6ABCDF85-6475-4062-AE97-AD4B3083C56A}.Release|x86.Build.0 = Release|Any CPU
	EndGlobalSection
EndGlobal
